// !$*UTF8*$!
{
	archiveVersion = 1;
	classes = {
	};
	objectVersion = 46;
	objects = {

/* Begin PBXBuildFile section */
		847D30491EAD2DA6003E98EE /* Utils.cpp in Sources */ = {isa = PBXBuildFile; fileRef = 847D30471EAD2DA6003E98EE /* Utils.cpp */; };
		84B00E621EA165D1007D8C22 /* main.cpp in Sources */ = {isa = PBXBuildFile; fileRef = 84B00E611EA165D1007D8C22 /* main.cpp */; };
		84B00E6A1EA16671007D8C22 /* Stack.cpp in Sources */ = {isa = PBXBuildFile; fileRef = 84B00E681EA16671007D8C22 /* Stack.cpp */; };
/* End PBXBuildFile section */

/* Begin PBXCopyFilesBuildPhase section */
		84B00E5C1EA165D1007D8C22 /* CopyFiles */ = {
			isa = PBXCopyFilesBuildPhase;
			buildActionMask = 2147483647;
			dstPath = /usr/share/man/man1/;
			dstSubfolderSpec = 0;
			files = (
			);
			runOnlyForDeploymentPostprocessing = 1;
		};
/* End PBXCopyFilesBuildPhase section */

/* Begin PBXFileReference section */
		847D30471EAD2DA6003E98EE /* Utils.cpp */ = {isa = PBXFileReference; fileEncoding = 4; lastKnownFileType = sourcecode.cpp.cpp; path = Utils.cpp; sourceTree = "<group>"; };
		847D30481EAD2DA6003E98EE /* Utils.hpp */ = {isa = PBXFileReference; fileEncoding = 4; lastKnownFileType = sourcecode.cpp.h; path = Utils.hpp; sourceTree = "<group>"; };
		84B00E5E1EA165D1007D8C22 /* Postfix_Infix */ = {isa = PBXFileReference; explicitFileType = "compiled.mach-o.executable"; includeInIndex = 0; path = Postfix_Infix; sourceTree = BUILT_PRODUCTS_DIR; };
		84B00E611EA165D1007D8C22 /* main.cpp */ = {isa = PBXFileReference; lastKnownFileType = sourcecode.cpp.cpp; path = main.cpp; sourceTree = "<group>"; };
		84B00E681EA16671007D8C22 /* Stack.cpp */ = {isa = PBXFileReference; fileEncoding = 4; lastKnownFileType = sourcecode.cpp.cpp; path = Stack.cpp; sourceTree = "<group>"; };
		84B00E691EA16671007D8C22 /* Stack.hpp */ = {isa = PBXFileReference; fileEncoding = 4; lastKnownFileType = sourcecode.cpp.h; path = Stack.hpp; sourceTree = "<group>"; };
		84B00E6B1EA166E2007D8C22 /* constants.h */ = {isa = PBXFileReference; lastKnownFileType = sourcecode.c.h; path = constants.h; sourceTree = "<group>"; };
/* End PBXFileReference section */

/* Begin PBXFrameworksBuildPhase section */
		84B00E5B1EA165D1007D8C22 /* Frameworks */ = {
			isa = PBXFrameworksBuildPhase;
			buildActionMask = 2147483647;
			files = (
			);
			runOnlyForDeploymentPostprocessing = 0;
		};
/* End PBXFrameworksBuildPhase section */

/* Begin PBXGroup section */
		84B00E551EA165D1007D8C22 = {
			isa = PBXGroup;
			children = (
				84B00E601EA165D1007D8C22 /* Postfix_Infix */,
				84B00E5F1EA165D1007D8C22 /* Products */,
			);
			sourceTree = "<group>";
		};
		84B00E5F1EA165D1007D8C22 /* Products */ = {
			isa = PBXGroup;
			children = (
				84B00E5E1EA165D1007D8C22 /* Postfix_Infix */,
			);
			name = Products;
			sourceTree = "<group>";
		};
		84B00E601EA165D1007D8C22 /* Postfix_Infix */ = {
			isa = PBXGroup;
			children = (
				84B00E611EA165D1007D8C22 /* main.cpp */,
				84B00E681EA16671007D8C22 /* Stack.cpp */,
				84B00E691EA16671007D8C22 /* Stack.hpp */,
				84B00E6B1EA166E2007D8C22 /* constants.h */,
				847D30471EAD2DA6003E98EE /* Utils.cpp */,
				847D30481EAD2DA6003E98EE /* Utils.hpp */,
			);
			path = Postfix_Infix;
			sourceTree = "<group>";
		};
/* End PBXGroup section */

/* Begin PBXNativeTarget section */
		84B00E5D1EA165D1007D8C22 /* Postfix_Infix */ = {
			isa = PBXNativeTarget;
			buildConfigurationList = 84B00E651EA165D1007D8C22 /* Build configuration list for PBXNativeTarget "Postfix_Infix" */;
			buildPhases = (
				84B00E5A1EA165D1007D8C22 /* Sources */,
				84B00E5B1EA165D1007D8C22 /* Frameworks */,
				84B00E5C1EA165D1007D8C22 /* CopyFiles */,
			);
			buildRules = (
			);
			dependencies = (
			);
			name = Postfix_Infix;
			productName = Postfix_Infix;
			productReference = 84B00E5E1EA165D1007D8C22 /* Postfix_Infix */;
			productType = "com.apple.product-type.tool";
		};
/* End PBXNativeTarget section */

/* Begin PBXProject section */
		84B00E561EA165D1007D8C22 /* Project object */ = {
			isa = PBXProject;
			attributes = {
				LastUpgradeCheck = 0820;
				ORGANIZATIONNAME = "Tyree Stevenson";
				TargetAttributes = {
					84B00E5D1EA165D1007D8C22 = {
						CreatedOnToolsVersion = 8.2.1;
						ProvisioningStyle = Automatic;
					};
				};
			};
			buildConfigurationList = 84B00E591EA165D1007D8C22 /* Build configuration list for PBXProject "Postfix_Infix" */;
			compatibilityVersion = "Xcode 3.2";
			developmentRegion = English;
			hasScannedForEncodings = 0;
			knownRegions = (
				en,
			);
			mainGroup = 84B00E551EA165D1007D8C22;
			productRefGroup = 84B00E5F1EA165D1007D8C22 /* Products */;
			projectDirPath = "";
			projectRoot = "";
			targets = (
				84B00E5D1EA165D1007D8C22 /* Postfix_Infix */,
			);
		};
/* End PBXProject section */

/* Begin PBXSourcesBuildPhase section */
		84B00E5A1EA165D1007D8C22 /* Sources */ = {
			isa = PBXSourcesBuildPhase;
			buildActionMask = 2147483647;
			files = (
				84B00E6A1EA16671007D8C22 /* Stack.cpp in Sources */,
				847D30491EAD2DA6003E98EE /* Utils.cpp in Sources */,
				84B00E621EA165D1007D8C22 /* main.cpp in Sources */,
			);
			runOnlyForDeploymentPostprocessing = 0;
		};
/* End PBXSourcesBuildPhase section */

/* Begin XCBuildConfiguration section */
		84B00E631EA165D1007D8C22 /* Debug */ = {
			isa = XCBuildConfiguration;
			buildSettings = {
				ALWAYS_SEARCH_USER_PATHS = NO;
				CLANG_ANALYZER_NONNULL = YES;
				CLANG_CXX_LANGUAGE_STANDARD = "gnu++0x";
				CLANG_CXX_LIBRARY = "libc++";
				CLANG_ENABLE_MODULES = YES;
				CLANG_ENABLE_OBJC_ARC = YES;
				CLANG_WARN_BOOL_CONVERSION = YES;
				CLANG_WARN_CONSTANT_CONVERSION = YES;
				CLANG_WARN_DIRECT_OBJC_ISA_USAGE = YES_ERROR;
				CLANG_WARN_DOCUMENTATION_COMMENTS = YES;
				CLANG_WARN_EMPTY_BODY = YES;
				CLANG_WARN_ENUM_CONVERSION = YES;
				CLANG_WARN_INFINITE_RECURSION = YES;
				CLANG_WARN_INT_CONVERSION = YES;
				CLANG_WARN_OBJC_ROOT_CLASS = YES_ERROR;
				CLANG_WARN_SUSPICIOUS_MOVE = YES;
				CLANG_WARN_UNREACHABLE_CODE = YES;
				CLANG_WARN__DUPLICATE_METHOD_MATCH = YES;
				CODE_SIGN_IDENTITY = "-";
				COPY_PHASE_STRIP = NO;
				DEBUG_INFORMATION_FORMAT = dwarf;
				ENABLE_STRICT_OBJC_MSGSEND = YES;
				ENABLE_TESTABILITY = YES;
				GCC_C_LANGUAGE_STANDARD = gnu99;
				GCC_DYNAMIC_NO_PIC = NO;
				GCC_NO_COMMON_BLOCKS = YES;
				GCC_OPTIMIZATION_LEVEL = 0;
				GCC_PREPROCESSOR_DEFINITIONS = (
					"DEBUG=1",
					"$(inherited)",
				);
				GCC_WARN_64_TO_32_BIT_CONVERSION = YES;
				GCC_WARN_ABOUT_RETURN_TYPE = YES_ERROR;
				GCC_WARN_UNDECLARED_SELECTOR = YES;
				GCC_WARN_UNINITIALIZED_AUTOS = YES_AGGRESSIVE;
				GCC_WARN_UNUSED_FUNCTION = YES;
				GCC_WARN_UNUSED_VARIABLE = YES;
				MACOSX_DEPLOYMENT_TARGET = 10.12;
				MTL_ENABLE_DEBUG_INFO = YES;
				ONLY_ACTIVE_ARCH = YES;
				SDKROOT = macosx;
			};
			name = Debug;
		};
		84B00E641EA165D1007D8C22 /* Release */ = {
			isa = XCBuildConfiguration;
			buildSettings = {
				ALWAYS_SEARCH_USER_PATHS = NO;
				CLANG_ANALYZER_NONNULL = YES;
				CLANG_CXX_LANGUAGE_STANDARD = "gnu++0x";
				CLANG_CXX_LIBRARY = "libc++";
				CLANG_ENABLE_MODULES = YES;
				CLANG_ENABLE_OBJC_ARC = YES;
				CLANG_WARN_BOOL_CONVERSION = YES;
				CLANG_WARN_CONSTANT_CONVERSION = YES;
				CLANG_WARN_DIRECT_OBJC_ISA_USAGE = YES_ERROR;
				CLANG_WARN_DOCUMENTATION_COMMENTS = YES;
				CLANG_WARN_EMPTY_BODY = YES;
				CLANG_WARN_ENUM_CONVERSION = YES;
				CLANG_WARN_INFINITE_RECURSION = YES;
				CLANG_WARN_INT_CONVERSION = YES;
				CLANG_WARN_OBJC_ROOT_CLASS = YES_ERROR;
				CLANG_WARN_SUSPICIOUS_MOVE = YES;
				CLANG_WARN_UNREACHABLE_CODE = YES;
				CLANG_WARN__DUPLICATE_METHOD_MATCH = YES;
				CODE_SIGN_IDENTITY = "-";
				COPY_PHASE_STRIP = NO;
				DEBUG_INFORMATION_FORMAT = "dwarf-with-dsym";
				ENABLE_NS_ASSERTIONS = NO;
				ENABLE_STRICT_OBJC_MSGSEND = YES;
				GCC_C_LANGUAGE_STANDARD = gnu99;
				GCC_NO_COMMON_BLOCKS = YES;
				GCC_WARN_64_TO_32_BIT_CONVERSION = YES;
				GCC_WARN_ABOUT_RETURN_TYPE = YES_ERROR;
				GCC_WARN_UNDECLARED_SELECTOR = YES;
				GCC_WARN_UNINITIALIZED_AUTOS = YES_AGGRESSIVE;
				GCC_WARN_UNUSED_FUNCTION = YES;
				GCC_WARN_UNUSED_VARIABLE = YES;
				MACOSX_DEPLOYMENT_TARGET = 10.12;
				MTL_ENABLE_DEBUG_INFO = NO;
				SDKROOT = macosx;
			};
			name = Release;
		};
		84B00E661EA165D1007D8C22 /* Debug */ = {
			isa = XCBuildConfiguration;
			buildSettings = {
				PRODUCT_NAME = "$(TARGET_NAME)";
			};
			name = Debug;
		};
		84B00E671EA165D1007D8C22 /* Release */ = {
			isa = XCBuildConfiguration;
			buildSettings = {
				PRODUCT_NAME = "$(TARGET_NAME)";
			};
			name = Release;
		};
/* End XCBuildConfiguration section */

/* Begin XCConfigurationList section */
		84B00E591EA165D1007D8C22 /* Build configuration list for PBXProject "Postfix_Infix" */ = {
			isa = XCConfigurationList;
			buildConfigurations = (
				84B00E631EA165D1007D8C22 /* Debug */,
				84B00E641EA165D1007D8C22 /* Release */,
			);
			defaultConfigurationIsVisible = 0;
			defaultConfigurationName = Release;
		};
		84B00E651EA165D1007D8C22 /* Build configuration list for PBXNativeTarget "Postfix_Infix" */ = {
			isa = XCConfigurationList;
			buildConfigurations = (
				84B00E661EA165D1007D8C22 /* Debug */,
				84B00E671EA165D1007D8C22 /* Release */,
			);
			defaultConfigurationIsVisible = 0;
			defaultConfigurationName = Release;
		};
/* End XCConfigurationList section */
	};
	rootObject = 84B00E561EA165D1007D8C22 /* Project object */;
}
